
Microsoft Visual Studio Solution File, Format Version 12.00
# Visual Studio 2012
Project("{FAE04EC0-301F-11D3-BF4B-00C04F79EFBC}") = "HamcoDev.ScoresAdmin", "HamcoDev.ScoresAdmin\HamcoDev.ScoresAdmin.csproj", "{CA858603-17FB-4B14-92AF-890F93348F3A}"
EndProject
Project("{FAE04EC0-301F-11D3-BF4B-00C04F79EFBC}") = "HamcoDev.ScoresAdmin.Tests", "HamcoDev.ScoresAdmin.Tests\HamcoDev.ScoresAdmin.Tests.csproj", "{BF3FA757-DF64-4B91-8FC5-BC03DB4E8D99}"
EndProject
Project("{2150E333-8FDC-42A3-9474-1A3956D46DE8}") = ".nuget", ".nuget", "{3199C3EB-22EA-475C-A98E-DB28C08AE7A1}"
	ProjectSection(SolutionItems) = preProject
		.nuget\NuGet.Config = .nuget\NuGet.Config
		.nuget\NuGet.exe = .nuget\NuGet.exe
		.nuget\NuGet.targets = .nuget\NuGet.targets
	EndProjectSection
EndProject
Global
	GlobalSection(SolutionConfigurationPlatforms) = preSolution
		Debug|Any CPU = Debug|Any CPU
		Release|Any CPU = Release|Any CPU
	EndGlobalSection
	GlobalSection(ProjectConfigurationPlatforms) = postSolution
		{CA858603-17FB-4B14-92AF-890F93348F3A}.Debug|Any CPU.ActiveCfg = Debug|Any CPU
		{CA858603-17FB-4B14-92AF-890F93348F3A}.Debug|Any CPU.Build.0 = Debug|Any CPU
		{CA858603-17FB-4B14-92AF-890F93348F3A}.Release|Any CPU.ActiveCfg = Release|Any CPU
		{CA858603-17FB-4B14-92AF-890F93348F3A}.Release|Any CPU.Build.0 = Release|Any CPU
		{BF3FA757-DF64-4B91-8FC5-BC03DB4E8D99}.Debug|Any CPU.ActiveCfg = Debug|Any CPU
		{BF3FA757-DF64-4B91-8FC5-BC03DB4E8D99}.Debug|Any CPU.Build.0 = Debug|Any CPU
		{BF3FA757-DF64-4B91-8FC5-BC03DB4E8D99}.Release|Any CPU.ActiveCfg = Release|Any CPU
		{BF3FA757-DF64-4B91-8FC5-BC03DB4E8D99}.Release|Any CPU.Build.0 = Release|Any CPU
	EndGlobalSection
	GlobalSection(SolutionProperties) = preSolution
		HideSolutionNode = FALSE
	EndGlobalSection
EndGlobal
